{
  "name": "privatelib",
  "version": "1.0.0",
  "lockfileVersion": 1,
  "requires": true,
  "dependencies": {
    "expand-home-dir": {
      "version": "0.0.3",
      "resolved": "https://registry.npmjs.org/expand-home-dir/-/expand-home-dir-0.0.3.tgz",
      "integrity": "sha1-ct6KBIbMKKO71wRjU5iCW1tign0="
    }
  }
}
